
Microsoft Visual Studio Solution File, Format Version 12.00
# Visual Studio Version 17
VisualStudioVersion = 17.7.34221.43
MinimumVisualStudioVersion = 10.0.40219.1
Project("{2150E333-8FDC-42A3-9474-1A3956D46DE8}") = "src", "src", "{DE8E78BE-32F4-4B4A-90FC-A886E569C151}"
EndProject
Project("{FAE04EC0-301F-11D3-BF4B-00C04F79EFBC}") = "Hubtel.Wallet.Api", "Hubtel.Wallet.Api\Hubtel.Wallet.Api.csproj", "{EAE04676-AD4F-4987-AC36-6F21F403F18F}"
EndProject
Global
	GlobalSection(SolutionConfigurationPlatforms) = preSolution
		Debug|Any CPU = Debug|Any CPU
		Release|Any CPU = Release|Any CPU
	EndGlobalSection
	GlobalSection(ProjectConfigurationPlatforms) = postSolution
		{EAE04676-AD4F-4987-AC36-6F21F403F18F}.Debug|Any CPU.ActiveCfg = Debug|Any CPU
		{EAE04676-AD4F-4987-AC36-6F21F403F18F}.Debug|Any CPU.Build.0 = Debug|Any CPU
		{EAE04676-AD4F-4987-AC36-6F21F403F18F}.Release|Any CPU.ActiveCfg = Release|Any CPU
		{EAE04676-AD4F-4987-AC36-6F21F403F18F}.Release|Any CPU.Build.0 = Release|Any CPU
	EndGlobalSection
	GlobalSection(SolutionProperties) = preSolution
		HideSolutionNode = FALSE
	EndGlobalSection
	GlobalSection(NestedProjects) = preSolution
		{EAE04676-AD4F-4987-AC36-6F21F403F18F} = {DE8E78BE-32F4-4B4A-90FC-A886E569C151}
	EndGlobalSection
	GlobalSection(ExtensibilityGlobals) = postSolution
		SolutionGuid = {6E4A190A-A863-4211-BA27-7239C4EAB90B}
	EndGlobalSection
EndGlobal
