
Microsoft Visual Studio Solution File, Format Version 12.00
# Visual Studio Version 17
VisualStudioVersion = 17.5.002.0
MinimumVisualStudioVersion = 10.0.40219.1
Project("{9A19103F-16F7-4668-BE54-9A1E7A4F7556}") = "Hubtel.Wallet.Api", "Hubtel.Wallet.Api.csproj", "{BAB5C4A8-470D-4897-8BE0-4B80CC9FF16A}"
EndProject
Global
	GlobalSection(SolutionConfigurationPlatforms) = preSolution
		Debug|Any CPU = Debug|Any CPU
		Release|Any CPU = Release|Any CPU
	EndGlobalSection
	GlobalSection(ProjectConfigurationPlatforms) = postSolution
		{BAB5C4A8-470D-4897-8BE0-4B80CC9FF16A}.Debug|Any CPU.ActiveCfg = Debug|Any CPU
		{BAB5C4A8-470D-4897-8BE0-4B80CC9FF16A}.Debug|Any CPU.Build.0 = Debug|Any CPU
		{BAB5C4A8-470D-4897-8BE0-4B80CC9FF16A}.Release|Any CPU.ActiveCfg = Release|Any CPU
		{BAB5C4A8-470D-4897-8BE0-4B80CC9FF16A}.Release|Any CPU.Build.0 = Release|Any CPU
	EndGlobalSection
	GlobalSection(SolutionProperties) = preSolution
		HideSolutionNode = FALSE
	EndGlobalSection
	GlobalSection(ExtensibilityGlobals) = postSolution
		SolutionGuid = {7D9FD8AC-9B81-493E-87E2-C73F79912989}
	EndGlobalSection
EndGlobal
